{
  "pins" : [
    {
      "identity" : "uicustomswipeactions-patch",
      "kind" : "remoteSourceControl",
      "location" : "https://github.com/khcrysalis/UICustomSwipeActions-patch",
      "state" : {
        "branch" : "fix-placement",
        "revision" : "bc150b1f7ab18f01ff21b733e65045fec86e4f95"
      }
    }
  ],
  "version" : 2
}
